// !$*UTF8*$!
{
	archiveVersion = 1;
	classes = {
	};
	objectVersion = 56;
	objects = {

/* Begin PBXBuildFile section */
		FE00B3DD2A0947BE0060EB39 /* AppDelegate.swift in Sources */ = {isa = PBXBuildFile; fileRef = FE00B3DC2A0947BE0060EB39 /* AppDelegate.swift */; };
		FE00B3DF2A0947BE0060EB39 /* SceneDelegate.swift in Sources */ = {isa = PBXBuildFile; fileRef = FE00B3DE2A0947BE0060EB39 /* SceneDelegate.swift */; };
		FE00B3E12A0947BE0060EB39 /* ViewController.swift in Sources */ = {isa = PBXBuildFile; fileRef = FE00B3E02A0947BE0060EB39 /* ViewController.swift */; };
		FE00B3E42A0947BE0060EB39 /* Main.storyboard in Resources */ = {isa = PBXBuildFile; fileRef = FE00B3E22A0947BE0060EB39 /* Main.storyboard */; };
		FE00B3E62A0947BF0060EB39 /* Assets.xcassets in Resources */ = {isa = PBXBuildFile; fileRef = FE00B3E52A0947BF0060EB39 /* Assets.xcassets */; };
		FE00B3E92A0947BF0060EB39 /* LaunchScreen.storyboard in Resources */ = {isa = PBXBuildFile; fileRef = FE00B3E72A0947BF0060EB39 /* LaunchScreen.storyboard */; };
		FE00B3F42A0947BF0060EB39 /* SwiftTestingAppTests.swift in Sources */ = {isa = PBXBuildFile; fileRef = FE00B3F32A0947BF0060EB39 /* SwiftTestingAppTests.swift */; };
		FE00B3FE2A0947BF0060EB39 /* SwiftTestingAppUITests.swift in Sources */ = {isa = PBXBuildFile; fileRef = FE00B3FD2A0947BF0060EB39 /* SwiftTestingAppUITests.swift */; };
		FE00B4002A0947BF0060EB39 /* SwiftTestingAppUITestsLaunchTests.swift in Sources */ = {isa = PBXBuildFile; fileRef = FE00B3FF2A0947BF0060EB39 /* SwiftTestingAppUITestsLaunchTests.swift */; };
		FE00B40D2A0948170060EB39 /* MathematicalFunctions.swift in Sources */ = {isa = PBXBuildFile; fileRef = FE00B40C2A0948170060EB39 /* MathematicalFunctions.swift */; };
/* End PBXBuildFile section */

/* Begin PBXContainerItemProxy section */
		FE00B3F02A0947BF0060EB39 /* PBXContainerItemProxy */ = {
			isa = PBXContainerItemProxy;
			containerPortal = FE00B3D12A0947BE0060EB39 /* Project object */;
			proxyType = 1;
			remoteGlobalIDString = FE00B3D82A0947BE0060EB39;
			remoteInfo = SwiftTestingApp;
		};
		FE00B3FA2A0947BF0060EB39 /* PBXContainerItemProxy */ = {
			isa = PBXContainerItemProxy;
			containerPortal = FE00B3D12A0947BE0060EB39 /* Project object */;
			proxyType = 1;
			remoteGlobalIDString = FE00B3D82A0947BE0060EB39;
			remoteInfo = SwiftTestingApp;
		};
/* End PBXContainerItemProxy section */

/* Begin PBXFileReference section */
		FE00B3D92A0947BE0060EB39 /* SwiftTestingApp.app */ = {isa = PBXFileReference; explicitFileType = wrapper.application; includeInIndex = 0; path = SwiftTestingApp.app; sourceTree = BUILT_PRODUCTS_DIR; };
		FE00B3DC2A0947BE0060EB39 /* AppDelegate.swift */ = {isa = PBXFileReference; lastKnownFileType = sourcecode.swift; path = AppDelegate.swift; sourceTree = "<group>"; };
		FE00B3DE2A0947BE0060EB39 /* SceneDelegate.swift */ = {isa = PBXFileReference; lastKnownFileType = sourcecode.swift; path = SceneDelegate.swift; sourceTree = "<group>"; };
		FE00B3E02A0947BE0060EB39 /* ViewController.swift */ = {isa = PBXFileReference; lastKnownFileType = sourcecode.swift; path = ViewController.swift; sourceTree = "<group>"; };
		FE00B3E32A0947BE0060EB39 /* Base */ = {isa = PBXFileReference; lastKnownFileType = file.storyboard; name = Base; path = Base.lproj/Main.storyboard; sourceTree = "<group>"; };
		FE00B3E52A0947BF0060EB39 /* Assets.xcassets */ = {isa = PBXFileReference; lastKnownFileType = folder.assetcatalog; path = Assets.xcassets; sourceTree = "<group>"; };
		FE00B3E82A0947BF0060EB39 /* Base */ = {isa = PBXFileReference; lastKnownFileType = file.storyboard; name = Base; path = Base.lproj/LaunchScreen.storyboard; sourceTree = "<group>"; };
		FE00B3EA2A0947BF0060EB39 /* Info.plist */ = {isa = PBXFileReference; lastKnownFileType = text.plist.xml; path = Info.plist; sourceTree = "<group>"; };
		FE00B3EF2A0947BF0060EB39 /* SwiftTestingAppTests.xctest */ = {isa = PBXFileReference; explicitFileType = wrapper.cfbundle; includeInIndex = 0; path = SwiftTestingAppTests.xctest; sourceTree = BUILT_PRODUCTS_DIR; };
		FE00B3F32A0947BF0060EB39 /* SwiftTestingAppTests.swift */ = {isa = PBXFileReference; lastKnownFileType = sourcecode.swift; path = SwiftTestingAppTests.swift; sourceTree = "<group>"; };
		FE00B3F92A0947BF0060EB39 /* SwiftTestingAppUITests.xctest */ = {isa = PBXFileReference; explicitFileType = wrapper.cfbundle; includeInIndex = 0; path = SwiftTestingAppUITests.xctest; sourceTree = BUILT_PRODUCTS_DIR; };
		FE00B3FD2A0947BF0060EB39 /* SwiftTestingAppUITests.swift */ = {isa = PBXFileReference; lastKnownFileType = sourcecode.swift; path = SwiftTestingAppUITests.swift; sourceTree = "<group>"; };
		FE00B3FF2A0947BF0060EB39 /* SwiftTestingAppUITestsLaunchTests.swift */ = {isa = PBXFileReference; lastKnownFileType = sourcecode.swift; path = SwiftTestingAppUITestsLaunchTests.swift; sourceTree = "<group>"; };
		FE00B40C2A0948170060EB39 /* MathematicalFunctions.swift */ = {isa = PBXFileReference; lastKnownFileType = sourcecode.swift; path = MathematicalFunctions.swift; sourceTree = "<group>"; };
/* End PBXFileReference section */

/* Begin PBXFrameworksBuildPhase section */
		FE00B3D62A0947BE0060EB39 /* Frameworks */ = {
			isa = PBXFrameworksBuildPhase;
			buildActionMask = 2147483647;
			files = (
			);
			runOnlyForDeploymentPostprocessing = 0;
		};
		FE00B3EC2A0947BF0060EB39 /* Frameworks */ = {
			isa = PBXFrameworksBuildPhase;
			buildActionMask = 2147483647;
			files = (
			);
			runOnlyForDeploymentPostprocessing = 0;
		};
		FE00B3F62A0947BF0060EB39 /* Frameworks */ = {
			isa = PBXFrameworksBuildPhase;
			buildActionMask = 2147483647;
			files = (
			);
			runOnlyForDeploymentPostprocessing = 0;
		};
/* End PBXFrameworksBuildPhase section */

/* Begin PBXGroup section */
		FE00B3D02A0947BE0060EB39 = {
			isa = PBXGroup;
			children = (
				FE00B3DB2A0947BE0060EB39 /* SwiftTestingApp */,
				FE00B3F22A0947BF0060EB39 /* SwiftTestingAppTests */,
				FE00B3FC2A0947BF0060EB39 /* SwiftTestingAppUITests */,
				FE00B3DA2A0947BE0060EB39 /* Products */,
			);
			sourceTree = "<group>";
		};
		FE00B3DA2A0947BE0060EB39 /* Products */ = {
			isa = PBXGroup;
			children = (
				FE00B3D92A0947BE0060EB39 /* SwiftTestingApp.app */,
				FE00B3EF2A0947BF0060EB39 /* SwiftTestingAppTests.xctest */,
				FE00B3F92A0947BF0060EB39 /* SwiftTestingAppUITests.xctest */,
			);
			name = Products;
			sourceTree = "<group>";
		};
		FE00B3DB2A0947BE0060EB39 /* SwiftTestingApp */ = {
			isa = PBXGroup;
			children = (
				FE00B3DC2A0947BE0060EB39 /* AppDelegate.swift */,
				FE00B3DE2A0947BE0060EB39 /* SceneDelegate.swift */,
				FE00B3E02A0947BE0060EB39 /* ViewController.swift */,
				FE00B3E22A0947BE0060EB39 /* Main.storyboard */,
				FE00B3E52A0947BF0060EB39 /* Assets.xcassets */,
				FE00B3E72A0947BF0060EB39 /* LaunchScreen.storyboard */,
				FE00B3EA2A0947BF0060EB39 /* Info.plist */,
				FE00B40C2A0948170060EB39 /* MathematicalFunctions.swift */,
			);
			path = SwiftTestingApp;
			sourceTree = "<group>";
		};
		FE00B3F22A0947BF0060EB39 /* SwiftTestingAppTests */ = {
			isa = PBXGroup;
			children = (
				FE00B3F32A0947BF0060EB39 /* SwiftTestingAppTests.swift */,
			);
			path = SwiftTestingAppTests;
			sourceTree = "<group>";
		};
		FE00B3FC2A0947BF0060EB39 /* SwiftTestingAppUITests */ = {
			isa = PBXGroup;
			children = (
				FE00B3FD2A0947BF0060EB39 /* SwiftTestingAppUITests.swift */,
				FE00B3FF2A0947BF0060EB39 /* SwiftTestingAppUITestsLaunchTests.swift */,
			);
			path = SwiftTestingAppUITests;
			sourceTree = "<group>";
		};
/* End PBXGroup section */

/* Begin PBXNativeTarget section */
		FE00B3D82A0947BE0060EB39 /* SwiftTestingApp */ = {
			isa = PBXNativeTarget;
			buildConfigurationList = FE00B4032A0947BF0060EB39 /* Build configuration list for PBXNativeTarget "SwiftTestingApp" */;
			buildPhases = (
				FE00B3D52A0947BE0060EB39 /* Sources */,
				FE00B3D62A0947BE0060EB39 /* Frameworks */,
				FE00B3D72A0947BE0060EB39 /* Resources */,
			);
			buildRules = (
			);
			dependencies = (
			);
			name = SwiftTestingApp;
			productName = SwiftTestingApp;
			productReference = FE00B3D92A0947BE0060EB39 /* SwiftTestingApp.app */;
			productType = "com.apple.product-type.application";
		};
		FE00B3EE2A0947BF0060EB39 /* SwiftTestingAppTests */ = {
			isa = PBXNativeTarget;
			buildConfigurationList = FE00B4062A0947BF0060EB39 /* Build configuration list for PBXNativeTarget "SwiftTestingAppTests" */;
			buildPhases = (
				FE00B3EB2A0947BF0060EB39 /* Sources */,
				FE00B3EC2A0947BF0060EB39 /* Frameworks */,
				FE00B3ED2A0947BF0060EB39 /* Resources */,
			);
			buildRules = (
			);
			dependencies = (
				FE00B3F12A0947BF0060EB39 /* PBXTargetDependency */,
			);
			name = SwiftTestingAppTests;
			productName = SwiftTestingAppTests;
			productReference = FE00B3EF2A0947BF0060EB39 /* SwiftTestingAppTests.xctest */;
			productType = "com.apple.product-type.bundle.unit-test";
		};
		FE00B3F82A0947BF0060EB39 /* SwiftTestingAppUITests */ = {
			isa = PBXNativeTarget;
			buildConfigurationList = FE00B4092A0947BF0060EB39 /* Build configuration list for PBXNativeTarget "SwiftTestingAppUITests" */;
			buildPhases = (
				FE00B3F52A0947BF0060EB39 /* Sources */,
				FE00B3F62A0947BF0060EB39 /* Frameworks */,
				FE00B3F72A0947BF0060EB39 /* Resources */,
			);
			buildRules = (
			);
			dependencies = (
				FE00B3FB2A0947BF0060EB39 /* PBXTargetDependency */,
			);
			name = SwiftTestingAppUITests;
			productName = SwiftTestingAppUITests;
			productReference = FE00B3F92A0947BF0060EB39 /* SwiftTestingAppUITests.xctest */;
			productType = "com.apple.product-type.bundle.ui-testing";
		};
/* End PBXNativeTarget section */

/* Begin PBXProject section */
		FE00B3D12A0947BE0060EB39 /* Project object */ = {
			isa = PBXProject;
			attributes = {
				BuildIndependentTargetsInParallel = 1;
				LastSwiftUpdateCheck = 1430;
				LastUpgradeCheck = 1430;
				TargetAttributes = {
					FE00B3D82A0947BE0060EB39 = {
						CreatedOnToolsVersion = 14.3;
					};
					FE00B3EE2A0947BF0060EB39 = {
						CreatedOnToolsVersion = 14.3;
						TestTargetID = FE00B3D82A0947BE0060EB39;
					};
					FE00B3F82A0947BF0060EB39 = {
						CreatedOnToolsVersion = 14.3;
						TestTargetID = FE00B3D82A0947BE0060EB39;
					};
				};
			};
			buildConfigurationList = FE00B3D42A0947BE0060EB39 /* Build configuration list for PBXProject "SwiftTestingApp" */;
			compatibilityVersion = "Xcode 14.0";
			developmentRegion = en;
			hasScannedForEncodings = 0;
			knownRegions = (
				en,
				Base,
			);
			mainGroup = FE00B3D02A0947BE0060EB39;
			productRefGroup = FE00B3DA2A0947BE0060EB39 /* Products */;
			projectDirPath = "";
			projectRoot = "";
			targets = (
				FE00B3D82A0947BE0060EB39 /* SwiftTestingApp */,
				FE00B3EE2A0947BF0060EB39 /* SwiftTestingAppTests */,
				FE00B3F82A0947BF0060EB39 /* SwiftTestingAppUITests */,
			);
		};
/* End PBXProject section */

/* Begin PBXResourcesBuildPhase section */
		FE00B3D72A0947BE0060EB39 /* Resources */ = {
			isa = PBXResourcesBuildPhase;
			buildActionMask = 2147483647;
			files = (
				FE00B3E92A0947BF0060EB39 /* LaunchScreen.storyboard in Resources */,
				FE00B3E62A0947BF0060EB39 /* Assets.xcassets in Resources */,
				FE00B3E42A0947BE0060EB39 /* Main.storyboard in Resources */,
			);
			runOnlyForDeploymentPostprocessing = 0;
		};
		FE00B3ED2A0947BF0060EB39 /* Resources */ = {
			isa = PBXResourcesBuildPhase;
			buildActionMask = 2147483647;
			files = (
			);
			runOnlyForDeploymentPostprocessing = 0;
		};
		FE00B3F72A0947BF0060EB39 /* Resources */ = {
			isa = PBXResourcesBuildPhase;
			buildActionMask = 2147483647;
			files = (
			);
			runOnlyForDeploymentPostprocessing = 0;
		};
/* End PBXResourcesBuildPhase section */

/* Begin PBXSourcesBuildPhase section */
		FE00B3D52A0947BE0060EB39 /* Sources */ = {
			isa = PBXSourcesBuildPhase;
			buildActionMask = 2147483647;
			files = (
				FE00B3E12A0947BE0060EB39 /* ViewController.swift in Sources */,
				FE00B40D2A0948170060EB39 /* MathematicalFunctions.swift in Sources */,
				FE00B3DD2A0947BE0060EB39 /* AppDelegate.swift in Sources */,
				FE00B3DF2A0947BE0060EB39 /* SceneDelegate.swift in Sources */,
			);
			runOnlyForDeploymentPostprocessing = 0;
		};
		FE00B3EB2A0947BF0060EB39 /* Sources */ = {
			isa = PBXSourcesBuildPhase;
			buildActionMask = 2147483647;
			files = (
				FE00B3F42A0947BF0060EB39 /* SwiftTestingAppTests.swift in Sources */,
			);
			runOnlyForDeploymentPostprocessing = 0;
		};
		FE00B3F52A0947BF0060EB39 /* Sources */ = {
			isa = PBXSourcesBuildPhase;
			buildActionMask = 2147483647;
			files = (
				FE00B3FE2A0947BF0060EB39 /* SwiftTestingAppUITests.swift in Sources */,
				FE00B4002A0947BF0060EB39 /* SwiftTestingAppUITestsLaunchTests.swift in Sources */,
			);
			runOnlyForDeploymentPostprocessing = 0;
		};
/* End PBXSourcesBuildPhase section */

/* Begin PBXTargetDependency section */
		FE00B3F12A0947BF0060EB39 /* PBXTargetDependency */ = {
			isa = PBXTargetDependency;
			target = FE00B3D82A0947BE0060EB39 /* SwiftTestingApp */;
			targetProxy = FE00B3F02A0947BF0060EB39 /* PBXContainerItemProxy */;
		};
		FE00B3FB2A0947BF0060EB39 /* PBXTargetDependency */ = {
			isa = PBXTargetDependency;
			target = FE00B3D82A0947BE0060EB39 /* SwiftTestingApp */;
			targetProxy = FE00B3FA2A0947BF0060EB39 /* PBXContainerItemProxy */;
		};
/* End PBXTargetDependency section */

/* Begin PBXVariantGroup section */
		FE00B3E22A0947BE0060EB39 /* Main.storyboard */ = {
			isa = PBXVariantGroup;
			children = (
				FE00B3E32A0947BE0060EB39 /* Base */,
			);
			name = Main.storyboard;
			sourceTree = "<group>";
		};
		FE00B3E72A0947BF0060EB39 /* LaunchScreen.storyboard */ = {
			isa = PBXVariantGroup;
			children = (
				FE00B3E82A0947BF0060EB39 /* Base */,
			);
			name = LaunchScreen.storyboard;
			sourceTree = "<group>";
		};
/* End PBXVariantGroup section */

/* Begin XCBuildConfiguration section */
		FE00B4012A0947BF0060EB39 /* Debug */ = {
			isa = XCBuildConfiguration;
			buildSettings = {
				ALWAYS_SEARCH_USER_PATHS = NO;
				CLANG_ANALYZER_NONNULL = YES;
				CLANG_ANALYZER_NUMBER_OBJECT_CONVERSION = YES_AGGRESSIVE;
				CLANG_CXX_LANGUAGE_STANDARD = "gnu++20";
				CLANG_ENABLE_MODULES = YES;
				CLANG_ENABLE_OBJC_ARC = YES;
				CLANG_ENABLE_OBJC_WEAK = YES;
				CLANG_WARN_BLOCK_CAPTURE_AUTORELEASING = YES;
				CLANG_WARN_BOOL_CONVERSION = YES;
				CLANG_WARN_COMMA = YES;
				CLANG_WARN_CONSTANT_CONVERSION = YES;
				CLANG_WARN_DEPRECATED_OBJC_IMPLEMENTATIONS = YES;
				CLANG_WARN_DIRECT_OBJC_ISA_USAGE = YES_ERROR;
				CLANG_WARN_DOCUMENTATION_COMMENTS = YES;
				CLANG_WARN_EMPTY_BODY = YES;
				CLANG_WARN_ENUM_CONVERSION = YES;
				CLANG_WARN_INFINITE_RECURSION = YES;
				CLANG_WARN_INT_CONVERSION = YES;
				CLANG_WARN_NON_LITERAL_NULL_CONVERSION = YES;
				CLANG_WARN_OBJC_IMPLICIT_RETAIN_SELF = YES;
				CLANG_WARN_OBJC_LITERAL_CONVERSION = YES;
				CLANG_WARN_OBJC_ROOT_CLASS = YES_ERROR;
				CLANG_WARN_QUOTED_INCLUDE_IN_FRAMEWORK_HEADER = YES;
				CLANG_WARN_RANGE_LOOP_ANALYSIS = YES;
				CLANG_WARN_STRICT_PROTOTYPES = YES;
				CLANG_WARN_SUSPICIOUS_MOVE = YES;
				CLANG_WARN_UNGUARDED_AVAILABILITY = YES_AGGRESSIVE;
				CLANG_WARN_UNREACHABLE_CODE = YES;
				CLANG_WARN__DUPLICATE_METHOD_MATCH = YES;
				COPY_PHASE_STRIP = NO;
				DEBUG_INFORMATION_FORMAT = dwarf;
				ENABLE_STRICT_OBJC_MSGSEND = YES;
				ENABLE_TESTABILITY = YES;
				GCC_C_LANGUAGE_STANDARD = gnu11;
				GCC_DYNAMIC_NO_PIC = NO;
				GCC_NO_COMMON_BLOCKS = YES;
				GCC_OPTIMIZATION_LEVEL = 0;
				GCC_PREPROCESSOR_DEFINITIONS = (
					"DEBUG=1",
					"$(inherited)",
				);
				GCC_WARN_64_TO_32_BIT_CONVERSION = YES;
				GCC_WARN_ABOUT_RETURN_TYPE = YES_ERROR;
				GCC_WARN_UNDECLARED_SELECTOR = YES;
				GCC_WARN_UNINITIALIZED_AUTOS = YES_AGGRESSIVE;
				GCC_WARN_UNUSED_FUNCTION = YES;
				GCC_WARN_UNUSED_VARIABLE = YES;
				IPHONEOS_DEPLOYMENT_TARGET = 16.4;
				MTL_ENABLE_DEBUG_INFO = INCLUDE_SOURCE;
				MTL_FAST_MATH = YES;
				ONLY_ACTIVE_ARCH = YES;
				SDKROOT = iphoneos;
				SWIFT_ACTIVE_COMPILATION_CONDITIONS = DEBUG;
				SWIFT_OPTIMIZATION_LEVEL = "-Onone";
			};
			name = Debug;
		};
		FE00B4022A0947BF0060EB39 /* Release */ = {
			isa = XCBuildConfiguration;
			buildSettings = {
				ALWAYS_SEARCH_USER_PATHS = NO;
				CLANG_ANALYZER_NONNULL = YES;
				CLANG_ANALYZER_NUMBER_OBJECT_CONVERSION = YES_AGGRESSIVE;
				CLANG_CXX_LANGUAGE_STANDARD = "gnu++20";
				CLANG_ENABLE_MODULES = YES;
				CLANG_ENABLE_OBJC_ARC = YES;
				CLANG_ENABLE_OBJC_WEAK = YES;
				CLANG_WARN_BLOCK_CAPTURE_AUTORELEASING = YES;
				CLANG_WARN_BOOL_CONVERSION = YES;
				CLANG_WARN_COMMA = YES;
				CLANG_WARN_CONSTANT_CONVERSION = YES;
				CLANG_WARN_DEPRECATED_OBJC_IMPLEMENTATIONS = YES;
				CLANG_WARN_DIRECT_OBJC_ISA_USAGE = YES_ERROR;
				CLANG_WARN_DOCUMENTATION_COMMENTS = YES;
				CLANG_WARN_EMPTY_BODY = YES;
				CLANG_WARN_ENUM_CONVERSION = YES;
				CLANG_WARN_INFINITE_RECURSION = YES;
				CLANG_WARN_INT_CONVERSION = YES;
				CLANG_WARN_NON_LITERAL_NULL_CONVERSION = YES;
				CLANG_WARN_OBJC_IMPLICIT_RETAIN_SELF = YES;
				CLANG_WARN_OBJC_LITERAL_CONVERSION = YES;
				CLANG_WARN_OBJC_ROOT_CLASS = YES_ERROR;
				CLANG_WARN_QUOTED_INCLUDE_IN_FRAMEWORK_HEADER = YES;
				CLANG_WARN_RANGE_LOOP_ANALYSIS = YES;
				CLANG_WARN_STRICT_PROTOTYPES = YES;
				CLANG_WARN_SUSPICIOUS_MOVE = YES;
				CLANG_WARN_UNGUARDED_AVAILABILITY = YES_AGGRESSIVE;
				CLANG_WARN_UNREACHABLE_CODE = YES;
				CLANG_WARN__DUPLICATE_METHOD_MATCH = YES;
				COPY_PHASE_STRIP = NO;
				DEBUG_INFORMATION_FORMAT = "dwarf-with-dsym";
				ENABLE_NS_ASSERTIONS = NO;
				ENABLE_STRICT_OBJC_MSGSEND = YES;
				GCC_C_LANGUAGE_STANDARD = gnu11;
				GCC_NO_COMMON_BLOCKS = YES;
				GCC_WARN_64_TO_32_BIT_CONVERSION = YES;
				GCC_WARN_ABOUT_RETURN_TYPE = YES_ERROR;
				GCC_WARN_UNDECLARED_SELECTOR = YES;
				GCC_WARN_UNINITIALIZED_AUTOS = YES_AGGRESSIVE;
				GCC_WARN_UNUSED_FUNCTION = YES;
				GCC_WARN_UNUSED_VARIABLE = YES;
				IPHONEOS_DEPLOYMENT_TARGET = 16.4;
				MTL_ENABLE_DEBUG_INFO = NO;
				MTL_FAST_MATH = YES;
				SDKROOT = iphoneos;
				SWIFT_COMPILATION_MODE = wholemodule;
				SWIFT_OPTIMIZATION_LEVEL = "-O";
				VALIDATE_PRODUCT = YES;
			};
			name = Release;
		};
		FE00B4042A0947BF0060EB39 /* Debug */ = {
			isa = XCBuildConfiguration;
			buildSettings = {
				ASSETCATALOG_COMPILER_APPICON_NAME = AppIcon;
				ASSETCATALOG_COMPILER_GLOBAL_ACCENT_COLOR_NAME = AccentColor;
				CODE_SIGN_STYLE = Automatic;
				CURRENT_PROJECT_VERSION = 1;
				DEVELOPMENT_TEAM = T3Y3F3RZUZ;
				GENERATE_INFOPLIST_FILE = YES;
				INFOPLIST_FILE = SwiftTestingApp/Info.plist;
				INFOPLIST_KEY_UIApplicationSupportsIndirectInputEvents = YES;
				INFOPLIST_KEY_UILaunchStoryboardName = LaunchScreen;
				INFOPLIST_KEY_UIMainStoryboardFile = Main;
				INFOPLIST_KEY_UISupportedInterfaceOrientations_iPad = "UIInterfaceOrientationPortrait UIInterfaceOrientationPortraitUpsideDown UIInterfaceOrientationLandscapeLeft UIInterfaceOrientationLandscapeRight";
				INFOPLIST_KEY_UISupportedInterfaceOrientations_iPhone = "UIInterfaceOrientationPortrait UIInterfaceOrientationLandscapeLeft UIInterfaceOrientationLandscapeRight";
				LD_RUNPATH_SEARCH_PATHS = (
					"$(inherited)",
					"@executable_path/Frameworks",
				);
				MARKETING_VERSION = 1.0;
				PRODUCT_BUNDLE_IDENTIFIER = it.spaarkly.SwiftTestingApp;
				PRODUCT_NAME = "$(TARGET_NAME)";
				SWIFT_EMIT_LOC_STRINGS = YES;
				SWIFT_VERSION = 5.0;
				TARGETED_DEVICE_FAMILY = "1,2";
			};
			name = Debug;
		};
		FE00B4052A0947BF0060EB39 /* Release */ = {
			isa = XCBuildConfiguration;
			buildSettings = {
				ASSETCATALOG_COMPILER_APPICON_NAME = AppIcon;
				ASSETCATALOG_COMPILER_GLOBAL_ACCENT_COLOR_NAME = AccentColor;
				CODE_SIGN_STYLE = Automatic;
				CURRENT_PROJECT_VERSION = 1;
				DEVELOPMENT_TEAM = T3Y3F3RZUZ;
				GENERATE_INFOPLIST_FILE = YES;
				INFOPLIST_FILE = SwiftTestingApp/Info.plist;
				INFOPLIST_KEY_UIApplicationSupportsIndirectInputEvents = YES;
				INFOPLIST_KEY_UILaunchStoryboardName = LaunchScreen;
				INFOPLIST_KEY_UIMainStoryboardFile = Main;
				INFOPLIST_KEY_UISupportedInterfaceOrientations_iPad = "UIInterfaceOrientationPortrait UIInterfaceOrientationPortraitUpsideDown UIInterfaceOrientationLandscapeLeft UIInterfaceOrientationLandscapeRight";
				INFOPLIST_KEY_UISupportedInterfaceOrientations_iPhone = "UIInterfaceOrientationPortrait UIInterfaceOrientationLandscapeLeft UIInterfaceOrientationLandscapeRight";
				LD_RUNPATH_SEARCH_PATHS = (
					"$(inherited)",
					"@executable_path/Frameworks",
				);
				MARKETING_VERSION = 1.0;
				PRODUCT_BUNDLE_IDENTIFIER = it.spaarkly.SwiftTestingApp;
				PRODUCT_NAME = "$(TARGET_NAME)";
				SWIFT_EMIT_LOC_STRINGS = YES;
				SWIFT_VERSION = 5.0;
				TARGETED_DEVICE_FAMILY = "1,2";
			};
			name = Release;
		};
		FE00B4072A0947BF0060EB39 /* Debug */ = {
			isa = XCBuildConfiguration;
			buildSettings = {
				ALWAYS_EMBED_SWIFT_STANDARD_LIBRARIES = YES;
				BUNDLE_LOADER = "$(TEST_HOST)";
				CODE_SIGN_STYLE = Automatic;
				CURRENT_PROJECT_VERSION = 1;
				DEVELOPMENT_TEAM = T3Y3F3RZUZ;
				GENERATE_INFOPLIST_FILE = YES;
				IPHONEOS_DEPLOYMENT_TARGET = 16.4;
				MARKETING_VERSION = 1.0;
				PRODUCT_BUNDLE_IDENTIFIER = it.spaarkly.SwiftTestingAppTests;
				PRODUCT_NAME = "$(TARGET_NAME)";
				SWIFT_EMIT_LOC_STRINGS = NO;
				SWIFT_VERSION = 5.0;
				TARGETED_DEVICE_FAMILY = "1,2";
				TEST_HOST = "$(BUILT_PRODUCTS_DIR)/SwiftTestingApp.app/$(BUNDLE_EXECUTABLE_FOLDER_PATH)/SwiftTestingApp";
			};
			name = Debug;
		};
		FE00B4082A0947BF0060EB39 /* Release */ = {
			isa = XCBuildConfiguration;
			buildSettings = {
				ALWAYS_EMBED_SWIFT_STANDARD_LIBRARIES = YES;
				BUNDLE_LOADER = "$(TEST_HOST)";
				CODE_SIGN_STYLE = Automatic;
				CURRENT_PROJECT_VERSION = 1;
				DEVELOPMENT_TEAM = T3Y3F3RZUZ;
				GENERATE_INFOPLIST_FILE = YES;
				IPHONEOS_DEPLOYMENT_TARGET = 16.4;
				MARKETING_VERSION = 1.0;
				PRODUCT_BUNDLE_IDENTIFIER = it.spaarkly.SwiftTestingAppTests;
				PRODUCT_NAME = "$(TARGET_NAME)";
				SWIFT_EMIT_LOC_STRINGS = NO;
				SWIFT_VERSION = 5.0;
				TARGETED_DEVICE_FAMILY = "1,2";
				TEST_HOST = "$(BUILT_PRODUCTS_DIR)/SwiftTestingApp.app/$(BUNDLE_EXECUTABLE_FOLDER_PATH)/SwiftTestingApp";
			};
			name = Release;
		};
		FE00B40A2A0947BF0060EB39 /* Debug */ = {
			isa = XCBuildConfiguration;
			buildSettings = {
				ALWAYS_EMBED_SWIFT_STANDARD_LIBRARIES = YES;
				CODE_SIGN_STYLE = Automatic;
				CURRENT_PROJECT_VERSION = 1;
				DEVELOPMENT_TEAM = T3Y3F3RZUZ;
				GENERATE_INFOPLIST_FILE = YES;
				MARKETING_VERSION = 1.0;
				PRODUCT_BUNDLE_IDENTIFIER = it.spaarkly.SwiftTestingAppUITests;
				PRODUCT_NAME = "$(TARGET_NAME)";
				SWIFT_EMIT_LOC_STRINGS = NO;
				SWIFT_VERSION = 5.0;
				TARGETED_DEVICE_FAMILY = "1,2";
				TEST_TARGET_NAME = SwiftTestingApp;
			};
			name = Debug;
		};
		FE00B40B2A0947BF0060EB39 /* Release */ = {
			isa = XCBuildConfiguration;
			buildSettings = {
				ALWAYS_EMBED_SWIFT_STANDARD_LIBRARIES = YES;
				CODE_SIGN_STYLE = Automatic;
				CURRENT_PROJECT_VERSION = 1;
				DEVELOPMENT_TEAM = T3Y3F3RZUZ;
				GENERATE_INFOPLIST_FILE = YES;
				MARKETING_VERSION = 1.0;
				PRODUCT_BUNDLE_IDENTIFIER = it.spaarkly.SwiftTestingAppUITests;
				PRODUCT_NAME = "$(TARGET_NAME)";
				SWIFT_EMIT_LOC_STRINGS = NO;
				SWIFT_VERSION = 5.0;
				TARGETED_DEVICE_FAMILY = "1,2";
				TEST_TARGET_NAME = SwiftTestingApp;
			};
			name = Release;
		};
/* End XCBuildConfiguration section */

/* Begin XCConfigurationList section */
		FE00B3D42A0947BE0060EB39 /* Build configuration list for PBXProject "SwiftTestingApp" */ = {
			isa = XCConfigurationList;
			buildConfigurations = (
				FE00B4012A0947BF0060EB39 /* Debug */,
				FE00B4022A0947BF0060EB39 /* Release */,
			);
			defaultConfigurationIsVisible = 0;
			defaultConfigurationName = Release;
		};
		FE00B4032A0947BF0060EB39 /* Build configuration list for PBXNativeTarget "SwiftTestingApp" */ = {
			isa = XCConfigurationList;
			buildConfigurations = (
				FE00B4042A0947BF0060EB39 /* Debug */,
				FE00B4052A0947BF0060EB39 /* Release */,
			);
			defaultConfigurationIsVisible = 0;
			defaultConfigurationName = Release;
		};
		FE00B4062A0947BF0060EB39 /* Build configuration list for PBXNativeTarget "SwiftTestingAppTests" */ = {
			isa = XCConfigurationList;
			buildConfigurations = (
				FE00B4072A0947BF0060EB39 /* Debug */,
				FE00B4082A0947BF0060EB39 /* Release */,
			);
			defaultConfigurationIsVisible = 0;
			defaultConfigurationName = Release;
		};
		FE00B4092A0947BF0060EB39 /* Build configuration list for PBXNativeTarget "SwiftTestingAppUITests" */ = {
			isa = XCConfigurationList;
			buildConfigurations = (
				FE00B40A2A0947BF0060EB39 /* Debug */,
				FE00B40B2A0947BF0060EB39 /* Release */,
			);
			defaultConfigurationIsVisible = 0;
			defaultConfigurationName = Release;
		};
/* End XCConfigurationList section */
	};
	rootObject = FE00B3D12A0947BE0060EB39 /* Project object */;
}
